
Microsoft Visual Studio Solution File, Format Version 12.00
# Visual Studio Version 17
VisualStudioVersion = 17.1.32319.34
MinimumVisualStudioVersion = 10.0.40219.1
Project("{FAE04EC0-301F-11D3-BF4B-00C04F79EFBC}") = "HomeTask2240", "HomeTask2240\HomeTask2240.csproj", "{B1C7F64F-0A1D-4CEA-982B-3223B0A9D0B2}"
EndProject
Global
	GlobalSection(SolutionConfigurationPlatforms) = preSolution
		Debug|Any CPU = Debug|Any CPU
		Release|Any CPU = Release|Any CPU
	EndGlobalSection
	GlobalSection(ProjectConfigurationPlatforms) = postSolution
		{B1C7F64F-0A1D-4CEA-982B-3223B0A9D0B2}.Debug|Any CPU.ActiveCfg = Debug|Any CPU
		{B1C7F64F-0A1D-4CEA-982B-3223B0A9D0B2}.Debug|Any CPU.Build.0 = Debug|Any CPU
		{B1C7F64F-0A1D-4CEA-982B-3223B0A9D0B2}.Release|Any CPU.ActiveCfg = Release|Any CPU
		{B1C7F64F-0A1D-4CEA-982B-3223B0A9D0B2}.Release|Any CPU.Build.0 = Release|Any CPU
	EndGlobalSection
	GlobalSection(SolutionProperties) = preSolution
		HideSolutionNode = FALSE
	EndGlobalSection
	GlobalSection(ExtensibilityGlobals) = postSolution
		SolutionGuid = {14DECF52-951D-443A-891A-F84831E5ED86}
	EndGlobalSection
EndGlobal
